
Microsoft Visual Studio Solution File, Format Version 12.00
# Visual Studio 11
Project("{FAE04EC0-301F-11D3-BF4B-00C04F79EFBC}") = "TestDrivingMVC.Web", "TestDrivingMVC.Web\TestDrivingMVC.Web.csproj", "{46E73502-6443-4340-95A0-B1B320477E65}"
EndProject
Project("{FAE04EC0-301F-11D3-BF4B-00C04F79EFBC}") = "TestDrivingMVC.Shared", "TestDrivingMVC.Shared\TestDrivingMVC.Shared.csproj", "{5A60ED5F-0D14-4077-9E17-0374AD323DDA}"
EndProject
Project("{FAE04EC0-301F-11D3-BF4B-00C04F79EFBC}") = "TestDrivingMVC.DataAccess", "TestDrivingMVC.DataAccess\TestDrivingMVC.DataAccess.csproj", "{296B8C9B-61FD-4493-A7F5-705E5542CE3D}"
EndProject
Project("{FAE04EC0-301F-11D3-BF4B-00C04F79EFBC}") = "TestDrivingMVC.Service", "TestDrivingMVC.Service\TestDrivingMVC.Service.csproj", "{C56164C0-3983-4363-AF29-627E0AB8C303}"
EndProject
Project("{FAE04EC0-301F-11D3-BF4B-00C04F79EFBC}") = "TestDrivingMVC.Controllers", "TestDrivingMVC.Controllers\TestDrivingMVC.Controllers.csproj", "{EEAE9EB7-C20A-42DC-808F-DE40AF5DA13C}"
EndProject
Project("{FAE04EC0-301F-11D3-BF4B-00C04F79EFBC}") = "TestDrivingMVC.Domain", "TestDrivingMVC.Domain\TestDrivingMVC.Domain.csproj", "{EA2083C5-3467-469B-AFD4-03BEFA6F5C42}"
EndProject
Project("{2150E333-8FDC-42A3-9474-1A3956D46DE8}") = "Tests", "Tests", "{D7EE38FF-AD08-4247-8276-A997A06C6388}"
EndProject
Project("{2150E333-8FDC-42A3-9474-1A3956D46DE8}") = "Unit", "Unit", "{C5D7BCCB-C371-472C-85C0-513CC61E935A}"
EndProject
Project("{2150E333-8FDC-42A3-9474-1A3956D46DE8}") = "Integration", "Integration", "{B097C148-25A1-471B-932E-59E7FB2BB842}"
EndProject
Project("{FAE04EC0-301F-11D3-BF4B-00C04F79EFBC}") = "TestDrivingMVC.Controllers.Test.Unit", "TestDrivingMVC.Controllers.Test.Unit\TestDrivingMVC.Controllers.Test.Unit.csproj", "{D0206595-23E2-4172-B325-DD1EF69800CD}"
EndProject
Project("{FAE04EC0-301F-11D3-BF4B-00C04F79EFBC}") = "TestDrivingMVC.Controllers.Test.Integration", "TestDrivingMVC.Controllers.Test.Integration\TestDrivingMVC.Controllers.Test.Integration.csproj", "{04EF82C3-1882-42B5-B0A8-C6EBC2870D92}"
EndProject
Project("{2150E333-8FDC-42A3-9474-1A3956D46DE8}") = "Performance", "Performance", "{B6BE5E27-58FF-486C-93B2-9AAF0BB99C3E}"
EndProject
Project("{2150E333-8FDC-42A3-9474-1A3956D46DE8}") = "UI", "UI", "{54D9D2C0-A7EA-4514-9245-E3E9473F71C3}"
EndProject
Project("{FAE04EC0-301F-11D3-BF4B-00C04F79EFBC}") = "TestDrivingMVC.Service.Test.Performance", "TestDrivingMVC.Service.Test.Performance\TestDrivingMVC.Service.Test.Performance.csproj", "{5F1884E9-8F66-40CA-B6D6-AB79D44B2146}"
EndProject
Project("{F088123C-0E9E-452A-89E6-6BA2F21D5CAC}") = "TestDrivingMVC.Modeling", "TestDrivingMVC.Modeling\TestDrivingMVC.Modeling.modelproj", "{B24DFB30-8CF4-4236-BFCE-542D6B4465E9}"
EndProject
Project("{FAE04EC0-301F-11D3-BF4B-00C04F79EFBC}") = "TestDrivingMVC.Web.Test.Unit", "TestDrivingMVC.Web.Test.Unit\TestDrivingMVC.Web.Test.Unit.csproj", "{9A61A725-09D1-4DAE-86D7-F23D282CD688}"
EndProject
Project("{FAE04EC0-301F-11D3-BF4B-00C04F79EFBC}") = "TestDrivingMVC.Service.Test.Unit", "TestDrivingMVC.Service.Test.Unit\TestDrivingMVC.Service.Test.Unit.csproj", "{8110E4F0-90EB-4CE8-80E3-827D6A3EB8F2}"
EndProject
Project("{FAE04EC0-301F-11D3-BF4B-00C04F79EFBC}") = "TestDrivingMVC.Test.Shared", "TestDrivingMVC.Test.Shared\TestDrivingMVC.Test.Shared.csproj", "{FF385D00-FA6E-4305-905C-F4260E32D672}"
EndProject
Project("{FAE04EC0-301F-11D3-BF4B-00C04F79EFBC}") = "TestDrivingMVC.Web.Test.UI", "TestDrivingMVC.Web.Test.UI\TestDrivingMVC.Web.Test.UI.csproj", "{D2174BA8-F484-428F-9A3F-7869CC199C37}"
EndProject
Global
	GlobalSection(SolutionConfigurationPlatforms) = preSolution
		Debug|Any CPU = Debug|Any CPU
		Release|Any CPU = Release|Any CPU
	EndGlobalSection
	GlobalSection(ProjectConfigurationPlatforms) = postSolution
		{04EF82C3-1882-42B5-B0A8-C6EBC2870D92}.Debug|Any CPU.ActiveCfg = Debug|Any CPU
		{04EF82C3-1882-42B5-B0A8-C6EBC2870D92}.Debug|Any CPU.Build.0 = Debug|Any CPU
		{04EF82C3-1882-42B5-B0A8-C6EBC2870D92}.Release|Any CPU.ActiveCfg = Release|Any CPU
		{04EF82C3-1882-42B5-B0A8-C6EBC2870D92}.Release|Any CPU.Build.0 = Release|Any CPU
		{296B8C9B-61FD-4493-A7F5-705E5542CE3D}.Debug|Any CPU.ActiveCfg = Debug|Any CPU
		{296B8C9B-61FD-4493-A7F5-705E5542CE3D}.Debug|Any CPU.Build.0 = Debug|Any CPU
		{296B8C9B-61FD-4493-A7F5-705E5542CE3D}.Release|Any CPU.ActiveCfg = Release|Any CPU
		{296B8C9B-61FD-4493-A7F5-705E5542CE3D}.Release|Any CPU.Build.0 = Release|Any CPU
		{46E73502-6443-4340-95A0-B1B320477E65}.Debug|Any CPU.ActiveCfg = Debug|Any CPU
		{46E73502-6443-4340-95A0-B1B320477E65}.Debug|Any CPU.Build.0 = Debug|Any CPU
		{46E73502-6443-4340-95A0-B1B320477E65}.Release|Any CPU.ActiveCfg = Release|Any CPU
		{46E73502-6443-4340-95A0-B1B320477E65}.Release|Any CPU.Build.0 = Release|Any CPU
		{5A60ED5F-0D14-4077-9E17-0374AD323DDA}.Debug|Any CPU.ActiveCfg = Debug|Any CPU
		{5A60ED5F-0D14-4077-9E17-0374AD323DDA}.Debug|Any CPU.Build.0 = Debug|Any CPU
		{5A60ED5F-0D14-4077-9E17-0374AD323DDA}.Release|Any CPU.ActiveCfg = Release|Any CPU
		{5A60ED5F-0D14-4077-9E17-0374AD323DDA}.Release|Any CPU.Build.0 = Release|Any CPU
		{5F1884E9-8F66-40CA-B6D6-AB79D44B2146}.Debug|Any CPU.ActiveCfg = Debug|Any CPU
		{5F1884E9-8F66-40CA-B6D6-AB79D44B2146}.Debug|Any CPU.Build.0 = Debug|Any CPU
		{5F1884E9-8F66-40CA-B6D6-AB79D44B2146}.Release|Any CPU.ActiveCfg = Release|Any CPU
		{5F1884E9-8F66-40CA-B6D6-AB79D44B2146}.Release|Any CPU.Build.0 = Release|Any CPU
		{8110E4F0-90EB-4CE8-80E3-827D6A3EB8F2}.Debug|Any CPU.ActiveCfg = Debug|Any CPU
		{8110E4F0-90EB-4CE8-80E3-827D6A3EB8F2}.Debug|Any CPU.Build.0 = Debug|Any CPU
		{8110E4F0-90EB-4CE8-80E3-827D6A3EB8F2}.Release|Any CPU.ActiveCfg = Release|Any CPU
		{8110E4F0-90EB-4CE8-80E3-827D6A3EB8F2}.Release|Any CPU.Build.0 = Release|Any CPU
		{9A61A725-09D1-4DAE-86D7-F23D282CD688}.Debug|Any CPU.ActiveCfg = Debug|Any CPU
		{9A61A725-09D1-4DAE-86D7-F23D282CD688}.Debug|Any CPU.Build.0 = Debug|Any CPU
		{9A61A725-09D1-4DAE-86D7-F23D282CD688}.Release|Any CPU.ActiveCfg = Release|Any CPU
		{9A61A725-09D1-4DAE-86D7-F23D282CD688}.Release|Any CPU.Build.0 = Release|Any CPU
		{B24DFB30-8CF4-4236-BFCE-542D6B4465E9}.Debug|Any CPU.ActiveCfg = Debug|Any CPU
		{B24DFB30-8CF4-4236-BFCE-542D6B4465E9}.Debug|Any CPU.Build.0 = Debug|Any CPU
		{B24DFB30-8CF4-4236-BFCE-542D6B4465E9}.Release|Any CPU.ActiveCfg = Release|Any CPU
		{B24DFB30-8CF4-4236-BFCE-542D6B4465E9}.Release|Any CPU.Build.0 = Release|Any CPU
		{C56164C0-3983-4363-AF29-627E0AB8C303}.Debug|Any CPU.ActiveCfg = Debug|Any CPU
		{C56164C0-3983-4363-AF29-627E0AB8C303}.Debug|Any CPU.Build.0 = Debug|Any CPU
		{C56164C0-3983-4363-AF29-627E0AB8C303}.Release|Any CPU.ActiveCfg = Release|Any CPU
		{C56164C0-3983-4363-AF29-627E0AB8C303}.Release|Any CPU.Build.0 = Release|Any CPU
		{D0206595-23E2-4172-B325-DD1EF69800CD}.Debug|Any CPU.ActiveCfg = Debug|Any CPU
		{D0206595-23E2-4172-B325-DD1EF69800CD}.Debug|Any CPU.Build.0 = Debug|Any CPU
		{D0206595-23E2-4172-B325-DD1EF69800CD}.Release|Any CPU.ActiveCfg = Release|Any CPU
		{D0206595-23E2-4172-B325-DD1EF69800CD}.Release|Any CPU.Build.0 = Release|Any CPU
		{D2174BA8-F484-428F-9A3F-7869CC199C37}.Debug|Any CPU.ActiveCfg = Debug|Any CPU
		{D2174BA8-F484-428F-9A3F-7869CC199C37}.Debug|Any CPU.Build.0 = Debug|Any CPU
		{D2174BA8-F484-428F-9A3F-7869CC199C37}.Release|Any CPU.ActiveCfg = Release|Any CPU
		{D2174BA8-F484-428F-9A3F-7869CC199C37}.Release|Any CPU.Build.0 = Release|Any CPU
		{EA2083C5-3467-469B-AFD4-03BEFA6F5C42}.Debug|Any CPU.ActiveCfg = Debug|Any CPU
		{EA2083C5-3467-469B-AFD4-03BEFA6F5C42}.Debug|Any CPU.Build.0 = Debug|Any CPU
		{EA2083C5-3467-469B-AFD4-03BEFA6F5C42}.Release|Any CPU.ActiveCfg = Release|Any CPU
		{EA2083C5-3467-469B-AFD4-03BEFA6F5C42}.Release|Any CPU.Build.0 = Release|Any CPU
		{EEAE9EB7-C20A-42DC-808F-DE40AF5DA13C}.Debug|Any CPU.ActiveCfg = Debug|Any CPU
		{EEAE9EB7-C20A-42DC-808F-DE40AF5DA13C}.Debug|Any CPU.Build.0 = Debug|Any CPU
		{EEAE9EB7-C20A-42DC-808F-DE40AF5DA13C}.Release|Any CPU.ActiveCfg = Release|Any CPU
		{EEAE9EB7-C20A-42DC-808F-DE40AF5DA13C}.Release|Any CPU.Build.0 = Release|Any CPU
		{FF385D00-FA6E-4305-905C-F4260E32D672}.Debug|Any CPU.ActiveCfg = Debug|Any CPU
		{FF385D00-FA6E-4305-905C-F4260E32D672}.Debug|Any CPU.Build.0 = Debug|Any CPU
		{FF385D00-FA6E-4305-905C-F4260E32D672}.Release|Any CPU.ActiveCfg = Release|Any CPU
		{FF385D00-FA6E-4305-905C-F4260E32D672}.Release|Any CPU.Build.0 = Release|Any CPU
	EndGlobalSection
	GlobalSection(SolutionProperties) = preSolution
		HideSolutionNode = FALSE
	EndGlobalSection
	GlobalSection(NestedProjects) = preSolution
		{04EF82C3-1882-42B5-B0A8-C6EBC2870D92} = {B097C148-25A1-471B-932E-59E7FB2BB842}
		{54D9D2C0-A7EA-4514-9245-E3E9473F71C3} = {D7EE38FF-AD08-4247-8276-A997A06C6388}
		{5F1884E9-8F66-40CA-B6D6-AB79D44B2146} = {B6BE5E27-58FF-486C-93B2-9AAF0BB99C3E}
		{8110E4F0-90EB-4CE8-80E3-827D6A3EB8F2} = {C5D7BCCB-C371-472C-85C0-513CC61E935A}
		{9A61A725-09D1-4DAE-86D7-F23D282CD688} = {C5D7BCCB-C371-472C-85C0-513CC61E935A}
		{B097C148-25A1-471B-932E-59E7FB2BB842} = {D7EE38FF-AD08-4247-8276-A997A06C6388}
		{B6BE5E27-58FF-486C-93B2-9AAF0BB99C3E} = {D7EE38FF-AD08-4247-8276-A997A06C6388}
		{C5D7BCCB-C371-472C-85C0-513CC61E935A} = {D7EE38FF-AD08-4247-8276-A997A06C6388}
		{D0206595-23E2-4172-B325-DD1EF69800CD} = {C5D7BCCB-C371-472C-85C0-513CC61E935A}
		{D2174BA8-F484-428F-9A3F-7869CC199C37} = {54D9D2C0-A7EA-4514-9245-E3E9473F71C3}
		{FF385D00-FA6E-4305-905C-F4260E32D672} = {D7EE38FF-AD08-4247-8276-A997A06C6388}
	EndGlobalSection
EndGlobal
